{
  "pins" : [
    {
      "identity" : "keyboardshortcuts",
      "kind" : "remoteSourceControl",
      "location" : "https://github.com/sindresorhus/KeyboardShortcuts",
      "state" : {
        "revision" : "8c90a95cb9f94d5c26182cb7d447c54ba5416984",
        "version" : "1.9.4"
      }
    }
  ],
  "version" : 2
}
